PODS:
  - AFNetworking (3.0.4):
    - AFNetworking/NSURLSession (= 3.0.4)
    - AFNetworking/Reachability (= 3.0.4)
    - AFNetworking/Security (= 3.0.4)
    - AFNetworking/Serialization (= 3.0.4)
    - AFNetworking/UIKit (= 3.0.4)
  - AFNetworking/NSURLSession (3.0.4):
    - AFNetworking/Reachability
    - AFNetworking/Security
    - AFNetworking/Serialization
  - AFNetworking/Reachability (3.0.4)
  - AFNetworking/Security (3.0.4)
  - AFNetworking/Serialization (3.0.4)
  - AFNetworking/UIKit (3.0.4):
    - AFNetworking/NSURLSession
  - FMDB (2.5):
    - FMDB/standard (= 2.5)
  - FMDB/common (2.5)
  - FMDB/standard (2.5):
    - FMDB/common
  - IQKeyboardManager (3.3.5)
  - MJExtension (3.0.8)
  - MJRefresh (3.0.8)
  - PureLayout (3.0.1)
  - Reachability (3.2)
  - SDWebImage (3.7.3):
    - SDWebImage/Core (= 3.7.3)
  - SDWebImage/Core (3.7.3)
  - SSZipArchive (1.0.1)
  - SVProgressHUD (1.1.3)

DEPENDENCIES:
  - AFNetworking
  - FMDB
  - IQKeyboardManager
  - MJExtension
  - MJRefresh
  - PureLayout
  - Reachability
  - SDWebImage
  - SSZipArchive
  - SVProgressHUD

SPEC CHECKSUMS:
  AFNetworking: a0075feb321559dc78d9d85b55d11caa19eabb93
  FMDB: 96e8f1bcc1329e269330f99770ad4285d9003e52
  IQKeyboardManager: 128bcb96b3ec03ff87942cdd7fa7f44491aa3d08
  MJExtension: 12d2875959b4a0f936ae86b22a1eb6b0251c50ba
  MJRefresh: fafde8f18f4afd66b434331a9beb67a6c0264056
  PureLayout: f35f5384c9c4e4479df041dbe33ad7577b71ddfb
  Reachability: 33e18b67625424e47b6cde6d202dce689ad7af96
  SDWebImage: 1d2b1a1efda1ade1b00b6f8498865f8ddedc8a84
  SSZipArchive: 5f30a0af2cb3d48c0ff83b1e18029f7041ac3c38
  SVProgressHUD: 748080e4f36e603f6c02aec292664239df5279c1

COCOAPODS: 0.39.0
